
Microsoft Visual Studio Solution File, Format Version 12.00
# Visual Studio Version 17
VisualStudioVersion = 17.1.32210.238
MinimumVisualStudioVersion = 10.0.40219.1
Project("{9A19103F-16F7-4668-BE54-9A1E7A4F7556}") = "Oculus Quest Presence", "Oculus Quest Presence.csproj", "{771F7EA3-22E4-4D1F-BA70-2CA504D1A246}"
EndProject
Project("{54435603-DBB4-11D2-8724-00A0C9A8B90C}") = "Setup", "..\Setup\Setup.vdproj", "{276C24B2-94D1-4799-9EEA-57866B74C80A}"
EndProject
Global
	GlobalSection(SolutionConfigurationPlatforms) = preSolution
		Debug|Any CPU = Debug|Any CPU
		Release|Any CPU = Release|Any CPU
	EndGlobalSection
	GlobalSection(ProjectConfigurationPlatforms) = postSolution
		{771F7EA3-22E4-4D1F-BA70-2CA504D1A246}.Debug|Any CPU.ActiveCfg = Debug|Any CPU
		{771F7EA3-22E4-4D1F-BA70-2CA504D1A246}.Debug|Any CPU.Build.0 = Debug|Any CPU
		{771F7EA3-22E4-4D1F-BA70-2CA504D1A246}.Release|Any CPU.ActiveCfg = Release|Any CPU
		{771F7EA3-22E4-4D1F-BA70-2CA504D1A246}.Release|Any CPU.Build.0 = Release|Any CPU
		{276C24B2-94D1-4799-9EEA-57866B74C80A}.Debug|Any CPU.ActiveCfg = Debug
		{276C24B2-94D1-4799-9EEA-57866B74C80A}.Release|Any CPU.ActiveCfg = Release
	EndGlobalSection
	GlobalSection(SolutionProperties) = preSolution
		HideSolutionNode = FALSE
	EndGlobalSection
	GlobalSection(ExtensibilityGlobals) = postSolution
		SolutionGuid = {C8775AB7-9CE4-42DF-86A4-33462A2E6BAA}
	EndGlobalSection
EndGlobal
